
Microsoft Visual Studio Solution File, Format Version 12.00
# Visual Studio Version 17
VisualStudioVersion = 17.1.32414.318
MinimumVisualStudioVersion = 10.0.40219.1
Project("{FAE04EC0-301F-11D3-BF4B-00C04F79EFBC}") = "SumFactorial", "SumFactorial\SumFactorial.csproj", "{8C894DAC-2683-41E6-84A6-42A379BC0531}"
EndProject
Global
	GlobalSection(SolutionConfigurationPlatforms) = preSolution
		Debug|Any CPU = Debug|Any CPU
		Release|Any CPU = Release|Any CPU
	EndGlobalSection
	GlobalSection(ProjectConfigurationPlatforms) = postSolution
		{8C894DAC-2683-41E6-84A6-42A379BC0531}.Debug|Any CPU.ActiveCfg = Debug|Any CPU
		{8C894DAC-2683-41E6-84A6-42A379BC0531}.Debug|Any CPU.Build.0 = Debug|Any CPU
		{8C894DAC-2683-41E6-84A6-42A379BC0531}.Release|Any CPU.ActiveCfg = Release|Any CPU
		{8C894DAC-2683-41E6-84A6-42A379BC0531}.Release|Any CPU.Build.0 = Release|Any CPU
	EndGlobalSection
	GlobalSection(SolutionProperties) = preSolution
		HideSolutionNode = FALSE
	EndGlobalSection
	GlobalSection(ExtensibilityGlobals) = postSolution
		SolutionGuid = {601CE6B0-51AA-42C0-9878-9D710A7E63A2}
	EndGlobalSection
EndGlobal
